
Microsoft Visual Studio Solution File, Format Version 9.00
# Visual Studio 2005
Project("{E24C65DC-7377-472B-9ABA-BC803B73C61A}") = "C:\...\Student Information\", "..\..\..\Student Information\", "{7C175A45-C988-48FC-A572-70CEED9F5F2F}"
	ProjectSection(WebsiteProperties) = preProject
		Debug.AspNetCompiler.VirtualPath = "/Student Information"
		Debug.AspNetCompiler.PhysicalPath = "..\..\..\Student Information\"
		Debug.AspNetCompiler.TargetPath = "PrecompiledWeb\Student Information\"
		Debug.AspNetCompiler.Updateable = "true"
		Debug.AspNetCompiler.ForceOverwrite = "true"
		Debug.AspNetCompiler.FixedNames = "false"
		Debug.AspNetCompiler.Debug = "True"
		Release.AspNetCompiler.VirtualPath = "/Student Information"
		Release.AspNetCompiler.PhysicalPath = "..\..\..\Student Information\"
		Release.AspNetCompiler.TargetPath = "PrecompiledWeb\Student Information\"
		Release.AspNetCompiler.Updateable = "true"
		Release.AspNetCompiler.ForceOverwrite = "true"
		Release.AspNetCompiler.FixedNames = "false"
		Release.AspNetCompiler.Debug = "False"
		VWDPort = "50608"
		DefaultWebSiteLanguage = "Visual C#"
	EndProjectSection
EndProject
Global
	GlobalSection(SolutionConfigurationPlatforms) = preSolution
		Debug|.NET = Debug|.NET
	EndGlobalSection
	GlobalSection(ProjectConfigurationPlatforms) = postSolution
		{7C175A45-C988-48FC-A572-70CEED9F5F2F}.Debug|.NET.ActiveCfg = Debug|.NET
		{7C175A45-C988-48FC-A572-70CEED9F5F2F}.Debug|.NET.Build.0 = Debug|.NET
	EndGlobalSection
	GlobalSection(SolutionProperties) = preSolution
		HideSolutionNode = FALSE
	EndGlobalSection
EndGlobal
